
Microsoft Visual Studio Solution File, Format Version 12.00
# Visual Studio Version 17
VisualStudioVersion = 17.4.33213.308
MinimumVisualStudioVersion = 10.0.40219.1
Project("{9A19103F-16F7-4668-BE54-9A1E7A4F7556}") = "LibraryManagement.Web", "LibraryManagement.Web\LibraryManagement.Web.csproj", "{D68E10FB-F5EE-45DB-A3C0-DA8A56854D6D}"
EndProject
Project("{FAE04EC0-301F-11D3-BF4B-00C04F79EFBC}") = "LibraryManagement.Data", "LibraryManagement.Data\LibraryManagement.Data.csproj", "{7CAD27FB-7E6C-4CE4-B04D-1E155C962260}"
EndProject
Project("{FAE04EC0-301F-11D3-BF4B-00C04F79EFBC}") = "LibraryManagement.Training", "LibraryManagement.Training\LibraryManagement.Training.csproj", "{20028838-FBEB-470B-B85F-D472A358E426}"
EndProject
Global
	GlobalSection(SolutionConfigurationPlatforms) = preSolution
		Debug|Any CPU = Debug|Any CPU
		Release|Any CPU = Release|Any CPU
	EndGlobalSection
	GlobalSection(ProjectConfigurationPlatforms) = postSolution
		{D68E10FB-F5EE-45DB-A3C0-DA8A56854D6D}.Debug|Any CPU.ActiveCfg = Debug|Any CPU
		{D68E10FB-F5EE-45DB-A3C0-DA8A56854D6D}.Debug|Any CPU.Build.0 = Debug|Any CPU
		{D68E10FB-F5EE-45DB-A3C0-DA8A56854D6D}.Release|Any CPU.ActiveCfg = Release|Any CPU
		{D68E10FB-F5EE-45DB-A3C0-DA8A56854D6D}.Release|Any CPU.Build.0 = Release|Any CPU
		{7CAD27FB-7E6C-4CE4-B04D-1E155C962260}.Debug|Any CPU.ActiveCfg = Debug|Any CPU
		{7CAD27FB-7E6C-4CE4-B04D-1E155C962260}.Debug|Any CPU.Build.0 = Debug|Any CPU
		{7CAD27FB-7E6C-4CE4-B04D-1E155C962260}.Release|Any CPU.ActiveCfg = Release|Any CPU
		{7CAD27FB-7E6C-4CE4-B04D-1E155C962260}.Release|Any CPU.Build.0 = Release|Any CPU
		{20028838-FBEB-470B-B85F-D472A358E426}.Debug|Any CPU.ActiveCfg = Debug|Any CPU
		{20028838-FBEB-470B-B85F-D472A358E426}.Debug|Any CPU.Build.0 = Debug|Any CPU
		{20028838-FBEB-470B-B85F-D472A358E426}.Release|Any CPU.ActiveCfg = Release|Any CPU
		{20028838-FBEB-470B-B85F-D472A358E426}.Release|Any CPU.Build.0 = Release|Any CPU
	EndGlobalSection
	GlobalSection(SolutionProperties) = preSolution
		HideSolutionNode = FALSE
	EndGlobalSection
	GlobalSection(ExtensibilityGlobals) = postSolution
		SolutionGuid = {6D32A53E-1BCF-461F-A5D0-C636D8E35E68}
	EndGlobalSection
EndGlobal
